
Microsoft Visual Studio Solution File, Format Version 12.00
# Visual Studio 14
VisualStudioVersion = 14.0.24720.0
MinimumVisualStudioVersion = 10.0.40219.1
Project("{FAE04EC0-301F-11D3-BF4B-00C04F79EFBC}") = "SpectacledBear.CodeMash2016.WebApi", "SpectacledBear.CodeMash2016.WebApi\SpectacledBear.CodeMash2016.WebApi.csproj", "{6F58BCFE-52FB-4A3A-9E46-1B2A2D1A1B0F}"
EndProject
Project("{FAE04EC0-301F-11D3-BF4B-00C04F79EFBC}") = "SpectacledBear.CodeMash2016.WebApi.UnitTests", "SpectacledBear.CodeMash2016.WebApi.UnitTests\SpectacledBear.CodeMash2016.WebApi.UnitTests.csproj", "{5CFE4246-9013-4BCB-9BE2-D57A1FC2E889}"
EndProject
Project("{FAE04EC0-301F-11D3-BF4B-00C04F79EFBC}") = "SpectacledBear.CodeMash2016.WebApi.IntegrationTests", "SpectacledBear.CodeMash2016.WebApi.IntegrationTests\SpectacledBear.CodeMash2016.WebApi.IntegrationTests.csproj", "{6C1B08FF-1C69-4125-9DA3-4E4E81A7D0DA}"
EndProject
Project("{FAE04EC0-301F-11D3-BF4B-00C04F79EFBC}") = "SpectacledBear.CodeMash2016.Manifest", "SpectacledBear.CodeMash2016.Manifest\SpectacledBear.CodeMash2016.Manifest.csproj", "{90774C66-D149-46CE-98F3-216D8FDB49B6}"
EndProject
Project("{FAE04EC0-301F-11D3-BF4B-00C04F79EFBC}") = "SpectacledBear.CodeMash2016.WebApi.BuildValidationTests", "SpectacledBear.CodeMash2016.WebApi.BuildValidationTests\SpectacledBear.CodeMash2016.WebApi.BuildValidationTests.csproj", "{D9C93041-E68D-4B2C-A0C2-3A7E4DE9BB31}"
EndProject
Project("{FAE04EC0-301F-11D3-BF4B-00C04F79EFBC}") = "SpectacledBear.CodeMash2016.WebApi.ContractTests", "SpectacledBear.CodeMash2016.WebApi.ContractTests\SpectacledBear.CodeMash2016.WebApi.ContractTests.csproj", "{7E8A5CEC-8EBF-4EE9-B32A-E1006F5764EF}"
EndProject
Project("{FAE04EC0-301F-11D3-BF4B-00C04F79EFBC}") = "SpectacledBear.CodeMash2016.WebApi.AcceptanceTests", "SpectacledBear.CodeMash2016.WebApi.AcceptanceTests\SpectacledBear.CodeMash2016.WebApi.AcceptanceTests.csproj", "{2F2F5FF8-2AF4-47E8-91A8-6CE8C5DCB667}"
EndProject
Global
	GlobalSection(SolutionConfigurationPlatforms) = preSolution
		Debug|Any CPU = Debug|Any CPU
		Release|Any CPU = Release|Any CPU
	EndGlobalSection
	GlobalSection(ProjectConfigurationPlatforms) = postSolution
		{6F58BCFE-52FB-4A3A-9E46-1B2A2D1A1B0F}.Debug|Any CPU.ActiveCfg = Debug|Any CPU
		{6F58BCFE-52FB-4A3A-9E46-1B2A2D1A1B0F}.Debug|Any CPU.Build.0 = Debug|Any CPU
		{6F58BCFE-52FB-4A3A-9E46-1B2A2D1A1B0F}.Release|Any CPU.ActiveCfg = Release|Any CPU
		{6F58BCFE-52FB-4A3A-9E46-1B2A2D1A1B0F}.Release|Any CPU.Build.0 = Release|Any CPU
		{5CFE4246-9013-4BCB-9BE2-D57A1FC2E889}.Debug|Any CPU.ActiveCfg = Debug|Any CPU
		{5CFE4246-9013-4BCB-9BE2-D57A1FC2E889}.Debug|Any CPU.Build.0 = Debug|Any CPU
		{5CFE4246-9013-4BCB-9BE2-D57A1FC2E889}.Release|Any CPU.ActiveCfg = Release|Any CPU
		{5CFE4246-9013-4BCB-9BE2-D57A1FC2E889}.Release|Any CPU.Build.0 = Release|Any CPU
		{6C1B08FF-1C69-4125-9DA3-4E4E81A7D0DA}.Debug|Any CPU.ActiveCfg = Debug|Any CPU
		{6C1B08FF-1C69-4125-9DA3-4E4E81A7D0DA}.Debug|Any CPU.Build.0 = Debug|Any CPU
		{6C1B08FF-1C69-4125-9DA3-4E4E81A7D0DA}.Release|Any CPU.ActiveCfg = Release|Any CPU
		{6C1B08FF-1C69-4125-9DA3-4E4E81A7D0DA}.Release|Any CPU.Build.0 = Release|Any CPU
		{90774C66-D149-46CE-98F3-216D8FDB49B6}.Debug|Any CPU.ActiveCfg = Debug|Any CPU
		{90774C66-D149-46CE-98F3-216D8FDB49B6}.Debug|Any CPU.Build.0 = Debug|Any CPU
		{90774C66-D149-46CE-98F3-216D8FDB49B6}.Release|Any CPU.ActiveCfg = Release|Any CPU
		{90774C66-D149-46CE-98F3-216D8FDB49B6}.Release|Any CPU.Build.0 = Release|Any CPU
		{D9C93041-E68D-4B2C-A0C2-3A7E4DE9BB31}.Debug|Any CPU.ActiveCfg = Debug|Any CPU
		{D9C93041-E68D-4B2C-A0C2-3A7E4DE9BB31}.Debug|Any CPU.Build.0 = Debug|Any CPU
		{D9C93041-E68D-4B2C-A0C2-3A7E4DE9BB31}.Release|Any CPU.ActiveCfg = Release|Any CPU
		{D9C93041-E68D-4B2C-A0C2-3A7E4DE9BB31}.Release|Any CPU.Build.0 = Release|Any CPU
		{7E8A5CEC-8EBF-4EE9-B32A-E1006F5764EF}.Debug|Any CPU.ActiveCfg = Debug|Any CPU
		{7E8A5CEC-8EBF-4EE9-B32A-E1006F5764EF}.Debug|Any CPU.Build.0 = Debug|Any CPU
		{7E8A5CEC-8EBF-4EE9-B32A-E1006F5764EF}.Release|Any CPU.ActiveCfg = Release|Any CPU
		{7E8A5CEC-8EBF-4EE9-B32A-E1006F5764EF}.Release|Any CPU.Build.0 = Release|Any CPU
		{2F2F5FF8-2AF4-47E8-91A8-6CE8C5DCB667}.Debug|Any CPU.ActiveCfg = Debug|Any CPU
		{2F2F5FF8-2AF4-47E8-91A8-6CE8C5DCB667}.Debug|Any CPU.Build.0 = Debug|Any CPU
		{2F2F5FF8-2AF4-47E8-91A8-6CE8C5DCB667}.Release|Any CPU.ActiveCfg = Release|Any CPU
		{2F2F5FF8-2AF4-47E8-91A8-6CE8C5DCB667}.Release|Any CPU.Build.0 = Release|Any CPU
	EndGlobalSection
	GlobalSection(SolutionProperties) = preSolution
		HideSolutionNode = FALSE
	EndGlobalSection
EndGlobal
